
Microsoft Visual Studio Solution File, Format Version 12.00
# Visual Studio Version 17
VisualStudioVersion = 17.13.35919.96 d17.13
MinimumVisualStudioVersion = 10.0.40219.1
Project("{FAE04EC0-301F-11D3-BF4B-00C04F79EFBC}") = "assignment 1_C#", "assignment 1_C#\assignment 1_C#.csproj", "{B614DEA8-625B-44C1-B20A-7657F81EB338}"
EndProject
Global
	GlobalSection(SolutionConfigurationPlatforms) = preSolution
		Debug|Any CPU = Debug|Any CPU
		Release|Any CPU = Release|Any CPU
	EndGlobalSection
	GlobalSection(ProjectConfigurationPlatforms) = postSolution
		{B614DEA8-625B-44C1-B20A-7657F81EB338}.Debug|Any CPU.ActiveCfg = Debug|Any CPU
		{B614DEA8-625B-44C1-B20A-7657F81EB338}.Debug|Any CPU.Build.0 = Debug|Any CPU
		{B614DEA8-625B-44C1-B20A-7657F81EB338}.Release|Any CPU.ActiveCfg = Release|Any CPU
		{B614DEA8-625B-44C1-B20A-7657F81EB338}.Release|Any CPU.Build.0 = Release|Any CPU
	EndGlobalSection
	GlobalSection(SolutionProperties) = preSolution
		HideSolutionNode = FALSE
	EndGlobalSection
	GlobalSection(ExtensibilityGlobals) = postSolution
		SolutionGuid = {1297FF1F-6CBF-48F4-BF12-7891D1F6AE5F}
	EndGlobalSection
EndGlobal
